
Microsoft Visual Studio Solution File, Format Version 12.00
# Visual Studio Version 17
VisualStudioVersion = 17.6.33829.357
MinimumVisualStudioVersion = 10.0.40219.1
Project("{9A19103F-16F7-4668-BE54-9A1E7A4F7556}") = "XUnitAssessment", "XUnitAssessment\XUnitAssessment.csproj", "{9F92B532-C037-41CB-9F0D-08F674E3CD9E}"
EndProject
Project("{FAE04EC0-301F-11D3-BF4B-00C04F79EFBC}") = "XUnitTestCases", "XUnitTestCases\XUnitTestCases.csproj", "{555422E4-A55F-4543-AA7A-33B2B0026F2A}"
EndProject
Global
	GlobalSection(SolutionConfigurationPlatforms) = preSolution
		Debug|Any CPU = Debug|Any CPU
		Release|Any CPU = Release|Any CPU
	EndGlobalSection
	GlobalSection(ProjectConfigurationPlatforms) = postSolution
		{9F92B532-C037-41CB-9F0D-08F674E3CD9E}.Debug|Any CPU.ActiveCfg = Debug|Any CPU
		{9F92B532-C037-41CB-9F0D-08F674E3CD9E}.Debug|Any CPU.Build.0 = Debug|Any CPU
		{9F92B532-C037-41CB-9F0D-08F674E3CD9E}.Release|Any CPU.ActiveCfg = Release|Any CPU
		{9F92B532-C037-41CB-9F0D-08F674E3CD9E}.Release|Any CPU.Build.0 = Release|Any CPU
		{555422E4-A55F-4543-AA7A-33B2B0026F2A}.Debug|Any CPU.ActiveCfg = Debug|Any CPU
		{555422E4-A55F-4543-AA7A-33B2B0026F2A}.Debug|Any CPU.Build.0 = Debug|Any CPU
		{555422E4-A55F-4543-AA7A-33B2B0026F2A}.Release|Any CPU.ActiveCfg = Release|Any CPU
		{555422E4-A55F-4543-AA7A-33B2B0026F2A}.Release|Any CPU.Build.0 = Release|Any CPU
	EndGlobalSection
	GlobalSection(SolutionProperties) = preSolution
		HideSolutionNode = FALSE
	EndGlobalSection
	GlobalSection(ExtensibilityGlobals) = postSolution
		SolutionGuid = {441476D0-73E8-4338-9368-63443FC464E9}
	EndGlobalSection
EndGlobal
